
Microsoft Visual Studio Solution File, Format Version 12.00
# Visual Studio Version 16
VisualStudioVersion = 16.0.30907.101
MinimumVisualStudioVersion = 10.0.40219.1
Project("{FAE04EC0-301F-11D3-BF4B-00C04F79EFBC}") = "Palindrom-number", "Palindrom-number\Palindrom-number.csproj", "{9E10F9AA-5004-4AE1-8945-D4A509FF8325}"
EndProject
Global
	GlobalSection(SolutionConfigurationPlatforms) = preSolution
		Debug|Any CPU = Debug|Any CPU
		Release|Any CPU = Release|Any CPU
	EndGlobalSection
	GlobalSection(ProjectConfigurationPlatforms) = postSolution
		{9E10F9AA-5004-4AE1-8945-D4A509FF8325}.Debug|Any CPU.ActiveCfg = Debug|Any CPU
		{9E10F9AA-5004-4AE1-8945-D4A509FF8325}.Debug|Any CPU.Build.0 = Debug|Any CPU
		{9E10F9AA-5004-4AE1-8945-D4A509FF8325}.Release|Any CPU.ActiveCfg = Release|Any CPU
		{9E10F9AA-5004-4AE1-8945-D4A509FF8325}.Release|Any CPU.Build.0 = Release|Any CPU
	EndGlobalSection
	GlobalSection(SolutionProperties) = preSolution
		HideSolutionNode = FALSE
	EndGlobalSection
	GlobalSection(ExtensibilityGlobals) = postSolution
		SolutionGuid = {DAC2B64C-92AC-48DC-BC54-CCCAF7D34358}
	EndGlobalSection
EndGlobal
